
Microsoft Visual Studio Solution File, Format Version 12.00
Project("{FAE04EC0-301F-11D3-BF4B-00C04F79EFBC}") = "HoyoWiki.Net", "HoyoWiki.Net\HoyoWiki.Net.csproj", "{0484AF69-969F-4C61-B36F-8C23101F3052}"
EndProject
Project("{FAE04EC0-301F-11D3-BF4B-00C04F79EFBC}") = "HoyoWiki.Net.Test", "HoyoWiki.Net.Test\HoyoWiki.Net.Test.csproj", "{C73C50E8-BE52-4CA9-B5F2-C0C4CB8A366E}"
EndProject
Global
	GlobalSection(SolutionConfigurationPlatforms) = preSolution
		Debug|Any CPU = Debug|Any CPU
		Release|Any CPU = Release|Any CPU
	EndGlobalSection
	GlobalSection(ProjectConfigurationPlatforms) = postSolution
		{0484AF69-969F-4C61-B36F-8C23101F3052}.Debug|Any CPU.ActiveCfg = Debug|Any CPU
		{0484AF69-969F-4C61-B36F-8C23101F3052}.Debug|Any CPU.Build.0 = Debug|Any CPU
		{0484AF69-969F-4C61-B36F-8C23101F3052}.Release|Any CPU.ActiveCfg = Release|Any CPU
		{0484AF69-969F-4C61-B36F-8C23101F3052}.Release|Any CPU.Build.0 = Release|Any CPU
		{C73C50E8-BE52-4CA9-B5F2-C0C4CB8A366E}.Debug|Any CPU.ActiveCfg = Debug|Any CPU
		{C73C50E8-BE52-4CA9-B5F2-C0C4CB8A366E}.Debug|Any CPU.Build.0 = Debug|Any CPU
		{C73C50E8-BE52-4CA9-B5F2-C0C4CB8A366E}.Release|Any CPU.ActiveCfg = Release|Any CPU
		{C73C50E8-BE52-4CA9-B5F2-C0C4CB8A366E}.Release|Any CPU.Build.0 = Release|Any CPU
	EndGlobalSection
EndGlobal
